
Microsoft Visual Studio Solution File, Format Version 12.00
# Visual Studio Version 17
VisualStudioVersion = 17.7.34221.43
MinimumVisualStudioVersion = 10.0.40219.1
Project("{9A19103F-16F7-4668-BE54-9A1E7A4F7556}") = "BlazorBloggingApp", "BlazorBloggingApp.csproj", "{84BA90EB-A849-4D7A-9B3E-89072EAB298B}"
EndProject
Global
	GlobalSection(SolutionConfigurationPlatforms) = preSolution
		Debug|Any CPU = Debug|Any CPU
		Release|Any CPU = Release|Any CPU
	EndGlobalSection
	GlobalSection(ProjectConfigurationPlatforms) = postSolution
		{84BA90EB-A849-4D7A-9B3E-89072EAB298B}.Debug|Any CPU.ActiveCfg = Debug|Any CPU
		{84BA90EB-A849-4D7A-9B3E-89072EAB298B}.Debug|Any CPU.Build.0 = Debug|Any CPU
		{84BA90EB-A849-4D7A-9B3E-89072EAB298B}.Release|Any CPU.ActiveCfg = Release|Any CPU
		{84BA90EB-A849-4D7A-9B3E-89072EAB298B}.Release|Any CPU.Build.0 = Release|Any CPU
	EndGlobalSection
	GlobalSection(SolutionProperties) = preSolution
		HideSolutionNode = FALSE
	EndGlobalSection
	GlobalSection(ExtensibilityGlobals) = postSolution
		SolutionGuid = {BA2FA0A0-CE70-4422-B5E8-2844EE61D9D1}
	EndGlobalSection
EndGlobal
